
Microsoft Visual Studio Solution File, Format Version 12.00
# Visual Studio Version 17
VisualStudioVersion = 17.0.31903.59
MinimumVisualStudioVersion = 10.0.40219.1
Project("{2150E333-8FDC-42A3-9474-1A3956D46DE8}") = "src", "src", "{827E0CD3-B72D-47B6-A68D-7590B98EB39B}"
EndProject
Project("{FAE04EC0-301F-11D3-BF4B-00C04F79EFBC}") = "CliApp", "src\CliApp\CliApp.csproj", "{19899504-F72F-4029-9447-5A25B0F9B3CE}"
EndProject
Project("{FAE04EC0-301F-11D3-BF4B-00C04F79EFBC}") = "ClassLibrary", "src\ClassLibrary\ClassLibrary.csproj", "{F0D0B4ED-793B-46EB-8B2F-51CDBB361113}"
EndProject
Project("{FAE04EC0-301F-11D3-BF4B-00C04F79EFBC}") = "WebApi", "src\WebApi\WebApi.csproj", "{7DD53F8D-BE70-4F02-BC11-AE2FBF08F3D0}"
EndProject
Project("{FAE04EC0-301F-11D3-BF4B-00C04F79EFBC}") = "DesktopApp", "src\DesktopApp\DesktopApp.csproj", "{6EA6FEDA-5979-47F4-BB20-502341454BDB}"
EndProject
Project("{FAE04EC0-301F-11D3-BF4B-00C04F79EFBC}") = "AlgorithmLib", "src\AlgorithmLib\AlgorithmLib.csproj", "{2F143E2F-CE9B-4F56-A3BA-41C7F819179F}"
EndProject
Project("{FAE04EC0-301F-11D3-BF4B-00C04F79EFBC}") = "Analyzer", "src\Analyzer\Analyzer.csproj", "{D40E16A2-A59E-4C6C-BED6-FF8B8210741C}"
EndProject
Project("{FAE04EC0-301F-11D3-BF4B-00C04F79EFBC}") = "BenchmarkRunner", "src\BenchmarkRunner\BenchmarkRunner.csproj", "{A2D97FA5-7A69-4291-96E9-69F0AEAACBB5}"
EndProject
Project("{FAE04EC0-301F-11D3-BF4B-00C04F79EFBC}") = "DeobfuscationScorer", "src\DeobfuscationScorer\DeobfuscationScorer.csproj", "{DB04CF4B-A812-4191-BB15-C5E47791C0F2}"
EndProject
Project("{FAE04EC0-301F-11D3-BF4B-00C04F79EFBC}") = "AlgorithmLib.Interfaces", "src\AlgorithmLib.Interfaces\AlgorithmLib.Interfaces.csproj", "{4CAD5A26-3E05-4D78-8BD6-422E19573CF2}"
EndProject
Global
	GlobalSection(SolutionConfigurationPlatforms) = preSolution
		Debug|Any CPU = Debug|Any CPU
		Debug|x64 = Debug|x64
		Debug|x86 = Debug|x86
		Release|Any CPU = Release|Any CPU
		Release|x64 = Release|x64
		Release|x86 = Release|x86
	EndGlobalSection
	GlobalSection(ProjectConfigurationPlatforms) = postSolution
		{19899504-F72F-4029-9447-5A25B0F9B3CE}.Debug|Any CPU.ActiveCfg = Debug|Any CPU
		{19899504-F72F-4029-9447-5A25B0F9B3CE}.Debug|Any CPU.Build.0 = Debug|Any CPU
		{19899504-F72F-4029-9447-5A25B0F9B3CE}.Debug|x64.ActiveCfg = Debug|Any CPU
		{19899504-F72F-4029-9447-5A25B0F9B3CE}.Debug|x64.Build.0 = Debug|Any CPU
		{19899504-F72F-4029-9447-5A25B0F9B3CE}.Debug|x86.ActiveCfg = Debug|Any CPU
		{19899504-F72F-4029-9447-5A25B0F9B3CE}.Debug|x86.Build.0 = Debug|Any CPU
		{19899504-F72F-4029-9447-5A25B0F9B3CE}.Release|Any CPU.ActiveCfg = Release|Any CPU
		{19899504-F72F-4029-9447-5A25B0F9B3CE}.Release|Any CPU.Build.0 = Release|Any CPU
		{19899504-F72F-4029-9447-5A25B0F9B3CE}.Release|x64.ActiveCfg = Release|Any CPU
		{19899504-F72F-4029-9447-5A25B0F9B3CE}.Release|x64.Build.0 = Release|Any CPU
		{19899504-F72F-4029-9447-5A25B0F9B3CE}.Release|x86.ActiveCfg = Release|Any CPU
		{19899504-F72F-4029-9447-5A25B0F9B3CE}.Release|x86.Build.0 = Release|Any CPU
		{F0D0B4ED-793B-46EB-8B2F-51CDBB361113}.Debug|Any CPU.ActiveCfg = Debug|Any CPU
		{F0D0B4ED-793B-46EB-8B2F-51CDBB361113}.Debug|Any CPU.Build.0 = Debug|Any CPU
		{F0D0B4ED-793B-46EB-8B2F-51CDBB361113}.Debug|x64.ActiveCfg = Debug|Any CPU
		{F0D0B4ED-793B-46EB-8B2F-51CDBB361113}.Debug|x64.Build.0 = Debug|Any CPU
		{F0D0B4ED-793B-46EB-8B2F-51CDBB361113}.Debug|x86.ActiveCfg = Debug|Any CPU
		{F0D0B4ED-793B-46EB-8B2F-51CDBB361113}.Debug|x86.Build.0 = Debug|Any CPU
		{F0D0B4ED-793B-46EB-8B2F-51CDBB361113}.Release|Any CPU.ActiveCfg = Release|Any CPU
		{F0D0B4ED-793B-46EB-8B2F-51CDBB361113}.Release|Any CPU.Build.0 = Release|Any CPU
		{F0D0B4ED-793B-46EB-8B2F-51CDBB361113}.Release|x64.ActiveCfg = Release|Any CPU
		{F0D0B4ED-793B-46EB-8B2F-51CDBB361113}.Release|x64.Build.0 = Release|Any CPU
		{F0D0B4ED-793B-46EB-8B2F-51CDBB361113}.Release|x86.ActiveCfg = Release|Any CPU
		{F0D0B4ED-793B-46EB-8B2F-51CDBB361113}.Release|x86.Build.0 = Release|Any CPU
		{7DD53F8D-BE70-4F02-BC11-AE2FBF08F3D0}.Debug|Any CPU.ActiveCfg = Debug|Any CPU
		{7DD53F8D-BE70-4F02-BC11-AE2FBF08F3D0}.Debug|Any CPU.Build.0 = Debug|Any CPU
		{7DD53F8D-BE70-4F02-BC11-AE2FBF08F3D0}.Debug|x64.ActiveCfg = Debug|Any CPU
		{7DD53F8D-BE70-4F02-BC11-AE2FBF08F3D0}.Debug|x64.Build.0 = Debug|Any CPU
		{7DD53F8D-BE70-4F02-BC11-AE2FBF08F3D0}.Debug|x86.ActiveCfg = Debug|Any CPU
		{7DD53F8D-BE70-4F02-BC11-AE2FBF08F3D0}.Debug|x86.Build.0 = Debug|Any CPU
		{7DD53F8D-BE70-4F02-BC11-AE2FBF08F3D0}.Release|Any CPU.ActiveCfg = Release|Any CPU
		{7DD53F8D-BE70-4F02-BC11-AE2FBF08F3D0}.Release|Any CPU.Build.0 = Release|Any CPU
		{7DD53F8D-BE70-4F02-BC11-AE2FBF08F3D0}.Release|x64.ActiveCfg = Release|Any CPU
		{7DD53F8D-BE70-4F02-BC11-AE2FBF08F3D0}.Release|x64.Build.0 = Release|Any CPU
		{7DD53F8D-BE70-4F02-BC11-AE2FBF08F3D0}.Release|x86.ActiveCfg = Release|Any CPU
		{7DD53F8D-BE70-4F02-BC11-AE2FBF08F3D0}.Release|x86.Build.0 = Release|Any CPU
		{6EA6FEDA-5979-47F4-BB20-502341454BDB}.Debug|Any CPU.ActiveCfg = Debug|Any CPU
		{6EA6FEDA-5979-47F4-BB20-502341454BDB}.Debug|Any CPU.Build.0 = Debug|Any CPU
		{6EA6FEDA-5979-47F4-BB20-502341454BDB}.Debug|x64.ActiveCfg = Debug|Any CPU
		{6EA6FEDA-5979-47F4-BB20-502341454BDB}.Debug|x64.Build.0 = Debug|Any CPU
		{6EA6FEDA-5979-47F4-BB20-502341454BDB}.Debug|x86.ActiveCfg = Debug|Any CPU
		{6EA6FEDA-5979-47F4-BB20-502341454BDB}.Debug|x86.Build.0 = Debug|Any CPU
		{6EA6FEDA-5979-47F4-BB20-502341454BDB}.Release|Any CPU.ActiveCfg = Release|Any CPU
		{6EA6FEDA-5979-47F4-BB20-502341454BDB}.Release|Any CPU.Build.0 = Release|Any CPU
		{6EA6FEDA-5979-47F4-BB20-502341454BDB}.Release|x64.ActiveCfg = Release|Any CPU
		{6EA6FEDA-5979-47F4-BB20-502341454BDB}.Release|x64.Build.0 = Release|Any CPU
		{6EA6FEDA-5979-47F4-BB20-502341454BDB}.Release|x86.ActiveCfg = Release|Any CPU
		{6EA6FEDA-5979-47F4-BB20-502341454BDB}.Release|x86.Build.0 = Release|Any CPU
		{2F143E2F-CE9B-4F56-A3BA-41C7F819179F}.Debug|Any CPU.ActiveCfg = Debug|Any CPU
		{2F143E2F-CE9B-4F56-A3BA-41C7F819179F}.Debug|Any CPU.Build.0 = Debug|Any CPU
		{2F143E2F-CE9B-4F56-A3BA-41C7F819179F}.Debug|x64.ActiveCfg = Debug|Any CPU
		{2F143E2F-CE9B-4F56-A3BA-41C7F819179F}.Debug|x64.Build.0 = Debug|Any CPU
		{2F143E2F-CE9B-4F56-A3BA-41C7F819179F}.Debug|x86.ActiveCfg = Debug|Any CPU
		{2F143E2F-CE9B-4F56-A3BA-41C7F819179F}.Debug|x86.Build.0 = Debug|Any CPU
		{2F143E2F-CE9B-4F56-A3BA-41C7F819179F}.Release|Any CPU.ActiveCfg = Release|Any CPU
		{2F143E2F-CE9B-4F56-A3BA-41C7F819179F}.Release|Any CPU.Build.0 = Release|Any CPU
		{2F143E2F-CE9B-4F56-A3BA-41C7F819179F}.Release|x64.ActiveCfg = Release|Any CPU
		{2F143E2F-CE9B-4F56-A3BA-41C7F819179F}.Release|x64.Build.0 = Release|Any CPU
		{2F143E2F-CE9B-4F56-A3BA-41C7F819179F}.Release|x86.ActiveCfg = Release|Any CPU
		{2F143E2F-CE9B-4F56-A3BA-41C7F819179F}.Release|x86.Build.0 = Release|Any CPU
		{D40E16A2-A59E-4C6C-BED6-FF8B8210741C}.Debug|Any CPU.ActiveCfg = Debug|Any CPU
		{D40E16A2-A59E-4C6C-BED6-FF8B8210741C}.Debug|Any CPU.Build.0 = Debug|Any CPU
		{D40E16A2-A59E-4C6C-BED6-FF8B8210741C}.Debug|x64.ActiveCfg = Debug|Any CPU
		{D40E16A2-A59E-4C6C-BED6-FF8B8210741C}.Debug|x64.Build.0 = Debug|Any CPU
		{D40E16A2-A59E-4C6C-BED6-FF8B8210741C}.Debug|x86.ActiveCfg = Debug|Any CPU
		{D40E16A2-A59E-4C6C-BED6-FF8B8210741C}.Debug|x86.Build.0 = Debug|Any CPU
		{D40E16A2-A59E-4C6C-BED6-FF8B8210741C}.Release|Any CPU.ActiveCfg = Release|Any CPU
		{D40E16A2-A59E-4C6C-BED6-FF8B8210741C}.Release|Any CPU.Build.0 = Release|Any CPU
		{D40E16A2-A59E-4C6C-BED6-FF8B8210741C}.Release|x64.ActiveCfg = Release|Any CPU
		{D40E16A2-A59E-4C6C-BED6-FF8B8210741C}.Release|x64.Build.0 = Release|Any CPU
		{D40E16A2-A59E-4C6C-BED6-FF8B8210741C}.Release|x86.ActiveCfg = Release|Any CPU
		{D40E16A2-A59E-4C6C-BED6-FF8B8210741C}.Release|x86.Build.0 = Release|Any CPU
		{A2D97FA5-7A69-4291-96E9-69F0AEAACBB5}.Debug|Any CPU.ActiveCfg = Debug|Any CPU
		{A2D97FA5-7A69-4291-96E9-69F0AEAACBB5}.Debug|Any CPU.Build.0 = Debug|Any CPU
		{A2D97FA5-7A69-4291-96E9-69F0AEAACBB5}.Debug|x64.ActiveCfg = Debug|Any CPU
		{A2D97FA5-7A69-4291-96E9-69F0AEAACBB5}.Debug|x64.Build.0 = Debug|Any CPU
		{A2D97FA5-7A69-4291-96E9-69F0AEAACBB5}.Debug|x86.ActiveCfg = Debug|Any CPU
		{A2D97FA5-7A69-4291-96E9-69F0AEAACBB5}.Debug|x86.Build.0 = Debug|Any CPU
		{A2D97FA5-7A69-4291-96E9-69F0AEAACBB5}.Release|Any CPU.ActiveCfg = Release|Any CPU
		{A2D97FA5-7A69-4291-96E9-69F0AEAACBB5}.Release|Any CPU.Build.0 = Release|Any CPU
		{A2D97FA5-7A69-4291-96E9-69F0AEAACBB5}.Release|x64.ActiveCfg = Release|Any CPU
		{A2D97FA5-7A69-4291-96E9-69F0AEAACBB5}.Release|x64.Build.0 = Release|Any CPU
		{A2D97FA5-7A69-4291-96E9-69F0AEAACBB5}.Release|x86.ActiveCfg = Release|Any CPU
		{A2D97FA5-7A69-4291-96E9-69F0AEAACBB5}.Release|x86.Build.0 = Release|Any CPU
		{DB04CF4B-A812-4191-BB15-C5E47791C0F2}.Debug|Any CPU.ActiveCfg = Debug|Any CPU
		{DB04CF4B-A812-4191-BB15-C5E47791C0F2}.Debug|Any CPU.Build.0 = Debug|Any CPU
		{DB04CF4B-A812-4191-BB15-C5E47791C0F2}.Debug|x64.ActiveCfg = Debug|Any CPU
		{DB04CF4B-A812-4191-BB15-C5E47791C0F2}.Debug|x64.Build.0 = Debug|Any CPU
		{DB04CF4B-A812-4191-BB15-C5E47791C0F2}.Debug|x86.ActiveCfg = Debug|Any CPU
		{DB04CF4B-A812-4191-BB15-C5E47791C0F2}.Debug|x86.Build.0 = Debug|Any CPU
		{DB04CF4B-A812-4191-BB15-C5E47791C0F2}.Release|Any CPU.ActiveCfg = Release|Any CPU
		{DB04CF4B-A812-4191-BB15-C5E47791C0F2}.Release|Any CPU.Build.0 = Release|Any CPU
		{DB04CF4B-A812-4191-BB15-C5E47791C0F2}.Release|x64.ActiveCfg = Release|Any CPU
		{DB04CF4B-A812-4191-BB15-C5E47791C0F2}.Release|x64.Build.0 = Release|Any CPU
		{DB04CF4B-A812-4191-BB15-C5E47791C0F2}.Release|x86.ActiveCfg = Release|Any CPU
		{DB04CF4B-A812-4191-BB15-C5E47791C0F2}.Release|x86.Build.0 = Release|Any CPU
		{4CAD5A26-3E05-4D78-8BD6-422E19573CF2}.Debug|Any CPU.ActiveCfg = Debug|Any CPU
		{4CAD5A26-3E05-4D78-8BD6-422E19573CF2}.Debug|Any CPU.Build.0 = Debug|Any CPU
		{4CAD5A26-3E05-4D78-8BD6-422E19573CF2}.Debug|x64.ActiveCfg = Debug|Any CPU
		{4CAD5A26-3E05-4D78-8BD6-422E19573CF2}.Debug|x64.Build.0 = Debug|Any CPU
		{4CAD5A26-3E05-4D78-8BD6-422E19573CF2}.Debug|x86.ActiveCfg = Debug|Any CPU
		{4CAD5A26-3E05-4D78-8BD6-422E19573CF2}.Debug|x86.Build.0 = Debug|Any CPU
		{4CAD5A26-3E05-4D78-8BD6-422E19573CF2}.Release|Any CPU.ActiveCfg = Release|Any CPU
		{4CAD5A26-3E05-4D78-8BD6-422E19573CF2}.Release|Any CPU.Build.0 = Release|Any CPU
		{4CAD5A26-3E05-4D78-8BD6-422E19573CF2}.Release|x64.ActiveCfg = Release|Any CPU
		{4CAD5A26-3E05-4D78-8BD6-422E19573CF2}.Release|x64.Build.0 = Release|Any CPU
		{4CAD5A26-3E05-4D78-8BD6-422E19573CF2}.Release|x86.ActiveCfg = Release|Any CPU
		{4CAD5A26-3E05-4D78-8BD6-422E19573CF2}.Release|x86.Build.0 = Release|Any CPU
	EndGlobalSection
	GlobalSection(SolutionProperties) = preSolution
		HideSolutionNode = FALSE
	EndGlobalSection
	GlobalSection(NestedProjects) = preSolution
		{19899504-F72F-4029-9447-5A25B0F9B3CE} = {827E0CD3-B72D-47B6-A68D-7590B98EB39B}
		{F0D0B4ED-793B-46EB-8B2F-51CDBB361113} = {827E0CD3-B72D-47B6-A68D-7590B98EB39B}
		{7DD53F8D-BE70-4F02-BC11-AE2FBF08F3D0} = {827E0CD3-B72D-47B6-A68D-7590B98EB39B}
		{6EA6FEDA-5979-47F4-BB20-502341454BDB} = {827E0CD3-B72D-47B6-A68D-7590B98EB39B}
		{2F143E2F-CE9B-4F56-A3BA-41C7F819179F} = {827E0CD3-B72D-47B6-A68D-7590B98EB39B}
		{D40E16A2-A59E-4C6C-BED6-FF8B8210741C} = {827E0CD3-B72D-47B6-A68D-7590B98EB39B}
		{A2D97FA5-7A69-4291-96E9-69F0AEAACBB5} = {827E0CD3-B72D-47B6-A68D-7590B98EB39B}
		{DB04CF4B-A812-4191-BB15-C5E47791C0F2} = {827E0CD3-B72D-47B6-A68D-7590B98EB39B}
		{4CAD5A26-3E05-4D78-8BD6-422E19573CF2} = {827E0CD3-B72D-47B6-A68D-7590B98EB39B}
	EndGlobalSection
	GlobalSection(ExtensibilityGlobals) = postSolution
		SolutionGuid = {ABD71AA1-E9BE-49B0-B213-0D48199EA9DE}
	EndGlobalSection
EndGlobal
